
Microsoft Visual Studio Solution File, Format Version 12.00
# Visual Studio Version 16
VisualStudioVersion = 16.0.29926.136
MinimumVisualStudioVersion = 10.0.40219.1
Project("{FAE04EC0-301F-11D3-BF4B-00C04F79EFBC}") = "TradingEngine.API", "TradingEngine.API\TradingEngine.API.csproj", "{A16B2ADA-E888-4360-A927-3F8CA6FEFC3A}"
EndProject
Project("{FAE04EC0-301F-11D3-BF4B-00C04F79EFBC}") = "TradingEngine.Domain", "TradingEngine.Domain\TradingEngine.Domain.csproj", "{1394285C-F2A6-41FA-90F6-FC389CA61AC7}"
EndProject
Project("{FAE04EC0-301F-11D3-BF4B-00C04F79EFBC}") = "TradingEngine.Infrastructure", "TradingEngine.Infrastructure\TradingEngine.Infrastructure.csproj", "{A428CF78-3409-41A7-88E6-05B78C2BB29D}"
EndProject
Global
	GlobalSection(SolutionConfigurationPlatforms) = preSolution
		Debug|Any CPU = Debug|Any CPU
		Release|Any CPU = Release|Any CPU
	EndGlobalSection
	GlobalSection(ProjectConfigurationPlatforms) = postSolution
		{A16B2ADA-E888-4360-A927-3F8CA6FEFC3A}.Debug|Any CPU.ActiveCfg = Debug|Any CPU
		{A16B2ADA-E888-4360-A927-3F8CA6FEFC3A}.Debug|Any CPU.Build.0 = Debug|Any CPU
		{A16B2ADA-E888-4360-A927-3F8CA6FEFC3A}.Release|Any CPU.ActiveCfg = Release|Any CPU
		{A16B2ADA-E888-4360-A927-3F8CA6FEFC3A}.Release|Any CPU.Build.0 = Release|Any CPU
		{1394285C-F2A6-41FA-90F6-FC389CA61AC7}.Debug|Any CPU.ActiveCfg = Debug|Any CPU
		{1394285C-F2A6-41FA-90F6-FC389CA61AC7}.Debug|Any CPU.Build.0 = Debug|Any CPU
		{1394285C-F2A6-41FA-90F6-FC389CA61AC7}.Release|Any CPU.ActiveCfg = Release|Any CPU
		{1394285C-F2A6-41FA-90F6-FC389CA61AC7}.Release|Any CPU.Build.0 = Release|Any CPU
		{A428CF78-3409-41A7-88E6-05B78C2BB29D}.Debug|Any CPU.ActiveCfg = Debug|Any CPU
		{A428CF78-3409-41A7-88E6-05B78C2BB29D}.Debug|Any CPU.Build.0 = Debug|Any CPU
		{A428CF78-3409-41A7-88E6-05B78C2BB29D}.Release|Any CPU.ActiveCfg = Release|Any CPU
		{A428CF78-3409-41A7-88E6-05B78C2BB29D}.Release|Any CPU.Build.0 = Release|Any CPU
	EndGlobalSection
	GlobalSection(SolutionProperties) = preSolution
		HideSolutionNode = FALSE
	EndGlobalSection
	GlobalSection(ExtensibilityGlobals) = postSolution
		SolutionGuid = {B5FCFEAD-B244-4498-AAC0-D35419654107}
	EndGlobalSection
EndGlobal
